
Microsoft Visual Studio Solution File, Format Version 12.00
# Visual Studio Version 17
VisualStudioVersion = 17.0.31903.59
MinimumVisualStudioVersion = 10.0.40219.1
Project("{FAE04EC0-301F-11D3-BF4B-00C04F79EFBC}") = "backend_SBU.Domain", "backend_SBU.Domain\backend_SBU.Domain.csproj", "{FE610EF3-FB79-49B4-9605-F639C0ACBB57}"
EndProject
Project("{FAE04EC0-301F-11D3-BF4B-00C04F79EFBC}") = "backend_SBU.Application", "backend_SBU.Application\backend_SBU.Application.csproj", "{0DBB0747-B7B1-4FF6-B71D-B793F9178768}"
EndProject
Project("{FAE04EC0-301F-11D3-BF4B-00C04F79EFBC}") = "backend_SBU.Infrastructure", "backend_SBU.Infrastructure\backend_SBU.Infrastructure.csproj", "{8A08318B-FA60-4E4E-ADDC-D6BEB9AD0F86}"
EndProject
Project("{FAE04EC0-301F-11D3-BF4B-00C04F79EFBC}") = "backend_SBU.Presentation", "backend_SBU.Presentation\backend_SBU.Presentation.csproj", "{68359813-16BB-4089-8217-4AD8B15F5C6A}"
EndProject
Global
	GlobalSection(SolutionConfigurationPlatforms) = preSolution
		Debug|Any CPU = Debug|Any CPU
		Release|Any CPU = Release|Any CPU
	EndGlobalSection
	GlobalSection(SolutionProperties) = preSolution
		HideSolutionNode = FALSE
	EndGlobalSection
	GlobalSection(ProjectConfigurationPlatforms) = postSolution
		{FE610EF3-FB79-49B4-9605-F639C0ACBB57}.Debug|Any CPU.ActiveCfg = Debug|Any CPU
		{FE610EF3-FB79-49B4-9605-F639C0ACBB57}.Debug|Any CPU.Build.0 = Debug|Any CPU
		{FE610EF3-FB79-49B4-9605-F639C0ACBB57}.Release|Any CPU.ActiveCfg = Release|Any CPU
		{FE610EF3-FB79-49B4-9605-F639C0ACBB57}.Release|Any CPU.Build.0 = Release|Any CPU
		{0DBB0747-B7B1-4FF6-B71D-B793F9178768}.Debug|Any CPU.ActiveCfg = Debug|Any CPU
		{0DBB0747-B7B1-4FF6-B71D-B793F9178768}.Debug|Any CPU.Build.0 = Debug|Any CPU
		{0DBB0747-B7B1-4FF6-B71D-B793F9178768}.Release|Any CPU.ActiveCfg = Release|Any CPU
		{0DBB0747-B7B1-4FF6-B71D-B793F9178768}.Release|Any CPU.Build.0 = Release|Any CPU
		{8A08318B-FA60-4E4E-ADDC-D6BEB9AD0F86}.Debug|Any CPU.ActiveCfg = Debug|Any CPU
		{8A08318B-FA60-4E4E-ADDC-D6BEB9AD0F86}.Debug|Any CPU.Build.0 = Debug|Any CPU
		{8A08318B-FA60-4E4E-ADDC-D6BEB9AD0F86}.Release|Any CPU.ActiveCfg = Release|Any CPU
		{8A08318B-FA60-4E4E-ADDC-D6BEB9AD0F86}.Release|Any CPU.Build.0 = Release|Any CPU
		{68359813-16BB-4089-8217-4AD8B15F5C6A}.Debug|Any CPU.ActiveCfg = Debug|Any CPU
		{68359813-16BB-4089-8217-4AD8B15F5C6A}.Debug|Any CPU.Build.0 = Debug|Any CPU
		{68359813-16BB-4089-8217-4AD8B15F5C6A}.Release|Any CPU.ActiveCfg = Release|Any CPU
		{68359813-16BB-4089-8217-4AD8B15F5C6A}.Release|Any CPU.Build.0 = Release|Any CPU
	EndGlobalSection
EndGlobal
